
Microsoft Visual Studio Solution File, Format Version 12.00
# Visual Studio Version 16
VisualStudioVersion = 16.0.32228.343
MinimumVisualStudioVersion = 10.0.40219.1
Project("{FAE04EC0-301F-11D3-BF4B-00C04F79EFBC}") = "oraiBarnanenak", "oraiBarnanenak\oraiBarnanenak.csproj", "{50DBAD5E-8811-4F02-9E50-AD93FFA8C0B0}"
EndProject
Global
	GlobalSection(SolutionConfigurationPlatforms) = preSolution
		Debug|Any CPU = Debug|Any CPU
		Release|Any CPU = Release|Any CPU
	EndGlobalSection
	GlobalSection(ProjectConfigurationPlatforms) = postSolution
		{50DBAD5E-8811-4F02-9E50-AD93FFA8C0B0}.Debug|Any CPU.ActiveCfg = Debug|Any CPU
		{50DBAD5E-8811-4F02-9E50-AD93FFA8C0B0}.Debug|Any CPU.Build.0 = Debug|Any CPU
		{50DBAD5E-8811-4F02-9E50-AD93FFA8C0B0}.Release|Any CPU.ActiveCfg = Release|Any CPU
		{50DBAD5E-8811-4F02-9E50-AD93FFA8C0B0}.Release|Any CPU.Build.0 = Release|Any CPU
	EndGlobalSection
	GlobalSection(SolutionProperties) = preSolution
		HideSolutionNode = FALSE
	EndGlobalSection
	GlobalSection(ExtensibilityGlobals) = postSolution
		SolutionGuid = {1764D747-534B-4260-851F-3DFDFAFCEDE4}
	EndGlobalSection
EndGlobal
